
Microsoft Visual Studio Solution File, Format Version 12.00
# Visual Studio Version 16
VisualStudioVersion = 16.0.32802.440
MinimumVisualStudioVersion = 10.0.40219.1
Project("{FAE04EC0-301F-11D3-BF4B-00C04F79EFBC}") = "SHAPE_Assesment", "SHAPE_Assesment\SHAPE_Assesment.csproj", "{CFD0BEAB-EA3D-422C-B0A7-096F8AAC46BE}"
EndProject
Global
	GlobalSection(SolutionConfigurationPlatforms) = preSolution
		Debug|Any CPU = Debug|Any CPU
		Release|Any CPU = Release|Any CPU
	EndGlobalSection
	GlobalSection(ProjectConfigurationPlatforms) = postSolution
		{CFD0BEAB-EA3D-422C-B0A7-096F8AAC46BE}.Debug|Any CPU.ActiveCfg = Debug|Any CPU
		{CFD0BEAB-EA3D-422C-B0A7-096F8AAC46BE}.Debug|Any CPU.Build.0 = Debug|Any CPU
		{CFD0BEAB-EA3D-422C-B0A7-096F8AAC46BE}.Release|Any CPU.ActiveCfg = Release|Any CPU
		{CFD0BEAB-EA3D-422C-B0A7-096F8AAC46BE}.Release|Any CPU.Build.0 = Release|Any CPU
	EndGlobalSection
	GlobalSection(SolutionProperties) = preSolution
		HideSolutionNode = FALSE
	EndGlobalSection
	GlobalSection(ExtensibilityGlobals) = postSolution
		SolutionGuid = {EEC26E7E-C9C2-414B-8E74-D2447E782EBD}
	EndGlobalSection
EndGlobal
